
Microsoft Visual Studio Solution File, Format Version 12.00
# Visual Studio Version 16
VisualStudioVersion = 16.0.31702.278
MinimumVisualStudioVersion = 10.0.40219.1
Project("{FAE04EC0-301F-11D3-BF4B-00C04F79EFBC}") = "UtilizandoDiamante", "UtilizandoDiamante.csproj", "{2E089FDD-5349-4220-9072-2A418D77E139}"
EndProject
Global
	GlobalSection(SolutionConfigurationPlatforms) = preSolution
		Debug|Any CPU = Debug|Any CPU
		Release|Any CPU = Release|Any CPU
	EndGlobalSection
	GlobalSection(ProjectConfigurationPlatforms) = postSolution
		{2E089FDD-5349-4220-9072-2A418D77E139}.Debug|Any CPU.ActiveCfg = Debug|Any CPU
		{2E089FDD-5349-4220-9072-2A418D77E139}.Debug|Any CPU.Build.0 = Debug|Any CPU
		{2E089FDD-5349-4220-9072-2A418D77E139}.Release|Any CPU.ActiveCfg = Release|Any CPU
		{2E089FDD-5349-4220-9072-2A418D77E139}.Release|Any CPU.Build.0 = Release|Any CPU
	EndGlobalSection
	GlobalSection(SolutionProperties) = preSolution
		HideSolutionNode = FALSE
	EndGlobalSection
	GlobalSection(ExtensibilityGlobals) = postSolution
		SolutionGuid = {99A2F5C9-6DCC-4099-AE81-B3159FD0E6B4}
	EndGlobalSection
EndGlobal
